{
  "name": "tsrpc-2x-test-server",
  "version": "1.0.0",
  "lockfileVersion": 1,
  "requires": true,
  "dependencies": {
    "@types/events": {
      "version": "3.0.0",
      "resolved": "https://registry.npmjs.org/@types/events/-/events-3.0.0.tgz",
      "integrity": "sha512-EaObqwIvayI5a8dCzhFrjKzVwKLxjoG9T6Ppd5CEo07LRKfQ8Yokw54r5+Wq7FaBQ+yXRvQAYPrHwya1/UFt9g=="
    },
    "@types/node": {
      "version": "12.6.8",
      "resolved": "https://registry.npmjs.org/@types/node/-/node-12.6.8.tgz",
      "integrity": "sha512-aX+gFgA5GHcDi89KG5keey2zf0WfZk/HAQotEamsK2kbey+8yGKcson0hbK8E+v0NArlCJQCqMP161YhV6ZXLg=="
    },
    "@types/uuid": {
      "version": "3.4.5",
      "resolved": "https://registry.npmjs.org/@types/uuid/-/uuid-3.4.5.tgz",
      "integrity": "sha512-MNL15wC3EKyw1VLF+RoVO4hJJdk9t/Hlv3rt1OL65Qvuadm4BYo6g9ZJQqoq7X8NBFSsQXgAujWciovh2lpVjA==",
      "requires": {
        "@types/node": "*"
      }
    },
    "@types/ws": {
      "version": "6.0.1",
      "resolved": "https://registry.npmjs.org/@types/ws/-/ws-6.0.1.tgz",
      "integrity": "sha512-EzH8k1gyZ4xih/MaZTXwT2xOkPiIMSrhQ9b8wrlX88L0T02eYsddatQlwVFlEPyEqV0ChpdpNnE51QPH6NVT4Q==",
      "requires": {
        "@types/events": "*",
        "@types/node": "*"
      }
    },
    "async-limiter": {
      "version": "1.0.0",
      "resolved": "https://registry.npmjs.org/async-limiter/-/async-limiter-1.0.0.tgz",
      "integrity": "sha512-jp/uFnooOiO+L211eZOoSyzpOITMXx1rBITauYykG3BRYPu8h0UcxsPNB04RR5vo4Tyz3+ay17tR6JVf9qzYWg=="
    },
    "k8w-extend-native": {
      "version": "1.4.0",
      "resolved": "https://registry.npmjs.org/k8w-extend-native/-/k8w-extend-native-1.4.0.tgz",
      "integrity": "sha512-hwCwTWA6Wjd+I2sthWJQYwJ2cD4bnNVRfndh5a+vCyE+keJITj7+tFqljFFn09UqABHrhdMbQWI/D28XhfEr3g==",
      "requires": {
        "k8w-linq-array": "*",
        "k8w-super-date": "*",
        "k8w-super-object": "*"
      }
    },
    "k8w-linq-array": {
      "version": "0.2.7",
      "resolved": "https://registry.npmjs.org/k8w-linq-array/-/k8w-linq-array-0.2.7.tgz",
      "integrity": "sha512-E4hwi6c4lqC4b8zBkLK1IH/jOyLnc2lUDixG+DNAhjQmSWdL4KaXkwWmXmRztrxSPLbWPYU4qnmjgGHIZCC+YQ=="
    },
    "k8w-super-date": {
      "version": "0.1.2",
      "resolved": "https://registry.npmjs.org/k8w-super-date/-/k8w-super-date-0.1.2.tgz",
      "integrity": "sha512-tTmDQEMEviD78ToUFG24EJXkiSFE+rW4jlcPiyNRCvlxEiWNTpAgcRZtoN2z8BDWW/euiKjzq9Dqx96rnyorPg=="
    },
    "k8w-super-object": {
      "version": "0.2.1",
      "resolved": "https://registry.npmjs.org/k8w-super-object/-/k8w-super-object-0.2.1.tgz",
      "integrity": "sha512-c6BmMDSFJrxeSRePAl/rE7nosvSWahA1h9Dd0pbmTl74dgKtrSx3+N5qYWsPFOfwX5rmy+eFQsrrMlqCMpwuNQ=="
    },
    "k8w-super-promise": {
      "version": "0.2.4",
      "resolved": "https://registry.npmjs.org/k8w-super-promise/-/k8w-super-promise-0.2.4.tgz",
      "integrity": "sha512-mQwiBE3hp4ZDipXWrih+FEZ15Zk4HkroCe1GJCz7mh1mvI6/qMCa6A2ZOBWxlodWUHr67JnIazSOxUFcKMzBHQ=="
    },
    "tsbuffer": {
      "version": "1.1.2",
      "resolved": "https://registry.npmjs.org/tsbuffer/-/tsbuffer-1.1.2.tgz",
      "integrity": "sha512-EZBEOk0BMv7glr/gxJJVTlGikolTP91Vw08ZXYY3HP2iaqbXvgNisrQa9Re+dkWbP4/QYy2ZgqWUy7DtUykPiw==",
      "requires": {
        "k8w-extend-native": "^1.4.0",
        "tsbuffer-schema": "^0.9.2",
        "tsbuffer-validator": "^0.5.2"
      }
    },
    "tsbuffer-schema": {
      "version": "0.9.2",
      "resolved": "https://registry.npmjs.org/tsbuffer-schema/-/tsbuffer-schema-0.9.2.tgz",
      "integrity": "sha512-wM/Va8RxLFJ3cfFqi7MqRJFG+Ba8S0f+lWZy09UoYTkngen6ZV2EsEzBOLA4zEkGHxDM5GF6SCAeePFTr8HmoQ=="
    },
    "tsbuffer-validator": {
      "version": "0.5.2",
      "resolved": "https://registry.npmjs.org/tsbuffer-validator/-/tsbuffer-validator-0.5.2.tgz",
      "integrity": "sha512-SqerYsYlj2/I7VSACKjVdV71BfTbnzAqzbtTXsJOwzrOe09veIdPtBC2xVMCseZaam6snO89JrtZ3cErQ9MQAQ==",
      "requires": {
        "k8w-extend-native": "*",
        "tsbuffer-schema": "^0.9.0"
      }
    },
    "tslib": {
      "version": "1.10.0",
      "resolved": "https://registry.npmjs.org/tslib/-/tslib-1.10.0.tgz",
      "integrity": "sha512-qOebF53frne81cf0S9B41ByenJ3/IuH8yJKngAX35CmiZySA0khhkovshKK+jGCaMnVomla7gVlIcc3EvKPbTQ=="
    },
    "tsrpc": {
      "version": "2.0.5",
      "resolved": "https://registry.npmjs.org/tsrpc/-/tsrpc-2.0.5.tgz",
      "integrity": "sha512-WjtkH5z/SpdTwq9wdG1ZAiva046mMT3TjXt1X6gA9hMIdWNELKyEJ7Ml9lCoqgxcBHT3efkt+8Bf7nFDgOMqew==",
      "requires": {
        "@types/uuid": "^3.4.4",
        "@types/ws": "^6.0.1",
        "k8w-super-promise": "*",
        "tsbuffer": "^1.1.2",
        "tslib": "*",
        "tsrpc-proto": "^1.1.1",
        "uuid": "^3.3.2",
        "ws": "^7.0.1"
      }
    },
    "tsrpc-proto": {
      "version": "1.1.1",
      "resolved": "https://registry.npmjs.org/tsrpc-proto/-/tsrpc-proto-1.1.1.tgz",
      "integrity": "sha512-zqeK1Y3o14yxmvldZfVMblfiKk7QLbMbMWQBZA6LR0T+EEfYnWou1M7E7WIPCKomnGQpSbxGEgECXEH3R3sFRg==",
      "requires": {
        "tsbuffer-schema": "*"
      }
    },
    "typescript": {
      "version": "3.5.3",
      "resolved": "https://registry.npmjs.org/typescript/-/typescript-3.5.3.tgz",
      "integrity": "sha512-ACzBtm/PhXBDId6a6sDJfroT2pOWt/oOnk4/dElG5G33ZL776N3Y6/6bKZJBFpd+b05F3Ct9qDjMeJmRWtE2/g==",
      "dev": true
    },
    "uuid": {
      "version": "3.3.2",
      "resolved": "https://registry.npmjs.org/uuid/-/uuid-3.3.2.tgz",
      "integrity": "sha512-yXJmeNaw3DnnKAOKJE51sL/ZaYfWJRl1pK9dr19YFCu0ObS231AB1/LbqTKRAQ5kw8A90rA6fr4riOUpTZvQZA=="
    },
    "ws": {
      "version": "7.1.1",
      "resolved": "https://registry.npmjs.org/ws/-/ws-7.1.1.tgz",
      "integrity": "sha512-o41D/WmDeca0BqYhsr3nJzQyg9NF5X8l/UdnFNux9cS3lwB+swm8qGWX5rn+aD6xfBU3rGmtHij7g7x6LxFU3A==",
      "requires": {
        "async-limiter": "^1.0.0"
      }
    }
  }
}
